// !$*UTF8*$!
{
	archiveVersion = 1;
	classes = {
	};
	objectVersion = 50;
	objects = {

/* Begin PBXBuildFile section */
		70137A41232D505D00CBCA22 /* AppDelegate.swift in Sources */ = {isa = PBXBuildFile; fileRef = 70137A40232D505D00CBCA22 /* AppDelegate.swift */; };
		70137A43232D505D00CBCA22 /* ViewController.swift in Sources */ = {isa = PBXBuildFile; fileRef = 70137A42232D505D00CBCA22 /* ViewController.swift */; };
		70137A46232D505D00CBCA22 /* Main.storyboard in Resources */ = {isa = PBXBuildFile; fileRef = 70137A44232D505D00CBCA22 /* Main.storyboard */; };
		70137A48232D505E00CBCA22 /* Assets.xcassets in Resources */ = {isa = PBXBuildFile; fileRef = 70137A47232D505E00CBCA22 /* Assets.xcassets */; };
		70137A4B232D505E00CBCA22 /* LaunchScreen.storyboard in Resources */ = {isa = PBXBuildFile; fileRef = 70137A49232D505E00CBCA22 /* LaunchScreen.storyboard */; };
		70137A56232D505E00CBCA22 /* WeddinggGogoAppTests.swift in Sources */ = {isa = PBXBuildFile; fileRef = 70137A55232D505E00CBCA22 /* WeddinggGogoAppTests.swift */; };
		70137A61232D505E00CBCA22 /* WeddinggGogoAppUITests.swift in Sources */ = {isa = PBXBuildFile; fileRef = 70137A60232D505E00CBCA22 /* WeddinggGogoAppUITests.swift */; };
/* End PBXBuildFile section */

/* Begin PBXContainerItemProxy section */
		70137A52232D505E00CBCA22 /* PBXContainerItemProxy */ = {
			isa = PBXContainerItemProxy;
			containerPortal = 70137A35232D505D00CBCA22 /* Project object */;
			proxyType = 1;
			remoteGlobalIDString = 70137A3C232D505D00CBCA22;
			remoteInfo = WeddinggGogoApp;
		};
		70137A5D232D505E00CBCA22 /* PBXContainerItemProxy */ = {
			isa = PBXContainerItemProxy;
			containerPortal = 70137A35232D505D00CBCA22 /* Project object */;
			proxyType = 1;
			remoteGlobalIDString = 70137A3C232D505D00CBCA22;
			remoteInfo = WeddinggGogoApp;
		};
/* End PBXContainerItemProxy section */

/* Begin PBXFileReference section */
		70137A3D232D505D00CBCA22 /* WeddinggGogoApp.app */ = {isa = PBXFileReference; explicitFileType = wrapper.application; includeInIndex = 0; path = WeddinggGogoApp.app; sourceTree = BUILT_PRODUCTS_DIR; };
		70137A40232D505D00CBCA22 /* AppDelegate.swift */ = {isa = PBXFileReference; lastKnownFileType = sourcecode.swift; path = AppDelegate.swift; sourceTree = "<group>"; };
		70137A42232D505D00CBCA22 /* ViewController.swift */ = {isa = PBXFileReference; lastKnownFileType = sourcecode.swift; path = ViewController.swift; sourceTree = "<group>"; };
		70137A45232D505D00CBCA22 /* Base */ = {isa = PBXFileReference; lastKnownFileType = file.storyboard; name = Base; path = Base.lproj/Main.storyboard; sourceTree = "<group>"; };
		70137A47232D505E00CBCA22 /* Assets.xcassets */ = {isa = PBXFileReference; lastKnownFileType = folder.assetcatalog; path = Assets.xcassets; sourceTree = "<group>"; };
		70137A4A232D505E00CBCA22 /* Base */ = {isa = PBXFileReference; lastKnownFileType = file.storyboard; name = Base; path = Base.lproj/LaunchScreen.storyboard; sourceTree = "<group>"; };
		70137A4C232D505E00CBCA22 /* Info.plist */ = {isa = PBXFileReference; lastKnownFileType = text.plist.xml; path = Info.plist; sourceTree = "<group>"; };
		70137A51232D505E00CBCA22 /* WeddinggGogoAppTests.xctest */ = {isa = PBXFileReference; explicitFileType = wrapper.cfbundle; includeInIndex = 0; path = WeddinggGogoAppTests.xctest; sourceTree = BUILT_PRODUCTS_DIR; };
		70137A55232D505E00CBCA22 /* WeddinggGogoAppTests.swift */ = {isa = PBXFileReference; lastKnownFileType = sourcecode.swift; path = WeddinggGogoAppTests.swift; sourceTree = "<group>"; };
		70137A57232D505E00CBCA22 /* Info.plist */ = {isa = PBXFileReference; lastKnownFileType = text.plist.xml; path = Info.plist; sourceTree = "<group>"; };
		70137A5C232D505E00CBCA22 /* WeddinggGogoAppUITests.xctest */ = {isa = PBXFileReference; explicitFileType = wrapper.cfbundle; includeInIndex = 0; path = WeddinggGogoAppUITests.xctest; sourceTree = BUILT_PRODUCTS_DIR; };
		70137A60232D505E00CBCA22 /* WeddinggGogoAppUITests.swift */ = {isa = PBXFileReference; lastKnownFileType = sourcecode.swift; path = WeddinggGogoAppUITests.swift; sourceTree = "<group>"; };
		70137A62232D505E00CBCA22 /* Info.plist */ = {isa = PBXFileReference; lastKnownFileType = text.plist.xml; path = Info.plist; sourceTree = "<group>"; };
/* End PBXFileReference section */

/* Begin PBXFrameworksBuildPhase section */
		70137A3A232D505D00CBCA22 /* Frameworks */ = {
			isa = PBXFrameworksBuildPhase;
			buildActionMask = 2147483647;
			files = (
			);
			runOnlyForDeploymentPostprocessing = 0;
		};
		70137A4E232D505E00CBCA22 /* Frameworks */ = {
			isa = PBXFrameworksBuildPhase;
			buildActionMask = 2147483647;
			files = (
			);
			runOnlyForDeploymentPostprocessing = 0;
		};
		70137A59232D505E00CBCA22 /* Frameworks */ = {
			isa = PBXFrameworksBuildPhase;
			buildActionMask = 2147483647;
			files = (
			);
			runOnlyForDeploymentPostprocessing = 0;
		};
/* End PBXFrameworksBuildPhase section */

/* Begin PBXGroup section */
		70137A34232D505D00CBCA22 = {
			isa = PBXGroup;
			children = (
				70137A3F232D505D00CBCA22 /* WeddinggGogoApp */,
				70137A54232D505E00CBCA22 /* WeddinggGogoAppTests */,
				70137A5F232D505E00CBCA22 /* WeddinggGogoAppUITests */,
				70137A3E232D505D00CBCA22 /* Products */,
			);
			sourceTree = "<group>";
		};
		70137A3E232D505D00CBCA22 /* Products */ = {
			isa = PBXGroup;
			children = (
				70137A3D232D505D00CBCA22 /* WeddinggGogoApp.app */,
				70137A51232D505E00CBCA22 /* WeddinggGogoAppTests.xctest */,
				70137A5C232D505E00CBCA22 /* WeddinggGogoAppUITests.xctest */,
			);
			name = Products;
			sourceTree = "<group>";
		};
		70137A3F232D505D00CBCA22 /* WeddinggGogoApp */ = {
			isa = PBXGroup;
			children = (
				70137A40232D505D00CBCA22 /* AppDelegate.swift */,
				70137A42232D505D00CBCA22 /* ViewController.swift */,
				70137A44232D505D00CBCA22 /* Main.storyboard */,
				70137A47232D505E00CBCA22 /* Assets.xcassets */,
				70137A49232D505E00CBCA22 /* LaunchScreen.storyboard */,
				70137A4C232D505E00CBCA22 /* Info.plist */,
			);
			path = WeddinggGogoApp;
			sourceTree = "<group>";
		};
		70137A54232D505E00CBCA22 /* WeddinggGogoAppTests */ = {
			isa = PBXGroup;
			children = (
				70137A55232D505E00CBCA22 /* WeddinggGogoAppTests.swift */,
				70137A57232D505E00CBCA22 /* Info.plist */,
			);
			path = WeddinggGogoAppTests;
			sourceTree = "<group>";
		};
		70137A5F232D505E00CBCA22 /* WeddinggGogoAppUITests */ = {
			isa = PBXGroup;
			children = (
				70137A60232D505E00CBCA22 /* WeddinggGogoAppUITests.swift */,
				70137A62232D505E00CBCA22 /* Info.plist */,
			);
			path = WeddinggGogoAppUITests;
			sourceTree = "<group>";
		};
/* End PBXGroup section */

/* Begin PBXNativeTarget section */
		70137A3C232D505D00CBCA22 /* WeddinggGogoApp */ = {
			isa = PBXNativeTarget;
			buildConfigurationList = 70137A65232D505E00CBCA22 /* Build configuration list for PBXNativeTarget "WeddinggGogoApp" */;
			buildPhases = (
				70137A39232D505D00CBCA22 /* Sources */,
				70137A3A232D505D00CBCA22 /* Frameworks */,
				70137A3B232D505D00CBCA22 /* Resources */,
			);
			buildRules = (
			);
			dependencies = (
			);
			name = WeddinggGogoApp;
			productName = WeddinggGogoApp;
			productReference = 70137A3D232D505D00CBCA22 /* WeddinggGogoApp.app */;
			productType = "com.apple.product-type.application";
		};
		70137A50232D505E00CBCA22 /* WeddinggGogoAppTests */ = {
			isa = PBXNativeTarget;
			buildConfigurationList = 70137A68232D505E00CBCA22 /* Build configuration list for PBXNativeTarget "WeddinggGogoAppTests" */;
			buildPhases = (
				70137A4D232D505E00CBCA22 /* Sources */,
				70137A4E232D505E00CBCA22 /* Frameworks */,
				70137A4F232D505E00CBCA22 /* Resources */,
			);
			buildRules = (
			);
			dependencies = (
				70137A53232D505E00CBCA22 /* PBXTargetDependency */,
			);
			name = WeddinggGogoAppTests;
			productName = WeddinggGogoAppTests;
			productReference = 70137A51232D505E00CBCA22 /* WeddinggGogoAppTests.xctest */;
			productType = "com.apple.product-type.bundle.unit-test";
		};
		70137A5B232D505E00CBCA22 /* WeddinggGogoAppUITests */ = {
			isa = PBXNativeTarget;
			buildConfigurationList = 70137A6B232D505E00CBCA22 /* Build configuration list for PBXNativeTarget "WeddinggGogoAppUITests" */;
			buildPhases = (
				70137A58232D505E00CBCA22 /* Sources */,
				70137A59232D505E00CBCA22 /* Frameworks */,
				70137A5A232D505E00CBCA22 /* Resources */,
			);
			buildRules = (
			);
			dependencies = (
				70137A5E232D505E00CBCA22 /* PBXTargetDependency */,
			);
			name = WeddinggGogoAppUITests;
			productName = WeddinggGogoAppUITests;
			productReference = 70137A5C232D505E00CBCA22 /* WeddinggGogoAppUITests.xctest */;
			productType = "com.apple.product-type.bundle.ui-testing";
		};
/* End PBXNativeTarget section */

/* Begin PBXProject section */
		70137A35232D505D00CBCA22 /* Project object */ = {
			isa = PBXProject;
			attributes = {
				LastSwiftUpdateCheck = 1030;
				LastUpgradeCheck = 1030;
				ORGANIZATIONNAME = Koki_Miyazawa;
				TargetAttributes = {
					70137A3C232D505D00CBCA22 = {
						CreatedOnToolsVersion = 10.3;
					};
					70137A50232D505E00CBCA22 = {
						CreatedOnToolsVersion = 10.3;
						TestTargetID = 70137A3C232D505D00CBCA22;
					};
					70137A5B232D505E00CBCA22 = {
						CreatedOnToolsVersion = 10.3;
						TestTargetID = 70137A3C232D505D00CBCA22;
					};
				};
			};
			buildConfigurationList = 70137A38232D505D00CBCA22 /* Build configuration list for PBXProject "WeddinggGogoApp" */;
			compatibilityVersion = "Xcode 9.3";
			developmentRegion = en;
			hasScannedForEncodings = 0;
			knownRegions = (
				en,
				Base,
			);
			mainGroup = 70137A34232D505D00CBCA22;
			productRefGroup = 70137A3E232D505D00CBCA22 /* Products */;
			projectDirPath = "";
			projectRoot = "";
			targets = (
				70137A3C232D505D00CBCA22 /* WeddinggGogoApp */,
				70137A50232D505E00CBCA22 /* WeddinggGogoAppTests */,
				70137A5B232D505E00CBCA22 /* WeddinggGogoAppUITests */,
			);
		};
/* End PBXProject section */

/* Begin PBXResourcesBuildPhase section */
		70137A3B232D505D00CBCA22 /* Resources */ = {
			isa = PBXResourcesBuildPhase;
			buildActionMask = 2147483647;
			files = (
				70137A4B232D505E00CBCA22 /* LaunchScreen.storyboard in Resources */,
				70137A48232D505E00CBCA22 /* Assets.xcassets in Resources */,
				70137A46232D505D00CBCA22 /* Main.storyboard in Resources */,
			);
			runOnlyForDeploymentPostprocessing = 0;
		};
		70137A4F232D505E00CBCA22 /* Resources */ = {
			isa = PBXResourcesBuildPhase;
			buildActionMask = 2147483647;
			files = (
			);
			runOnlyForDeploymentPostprocessing = 0;
		};
		70137A5A232D505E00CBCA22 /* Resources */ = {
			isa = PBXResourcesBuildPhase;
			buildActionMask = 2147483647;
			files = (
			);
			runOnlyForDeploymentPostprocessing = 0;
		};
/* End PBXResourcesBuildPhase section */

/* Begin PBXSourcesBuildPhase section */
		70137A39232D505D00CBCA22 /* Sources */ = {
			isa = PBXSourcesBuildPhase;
			buildActionMask = 2147483647;
			files = (
				70137A43232D505D00CBCA22 /* ViewController.swift in Sources */,
				70137A41232D505D00CBCA22 /* AppDelegate.swift in Sources */,
			);
			runOnlyForDeploymentPostprocessing = 0;
		};
		70137A4D232D505E00CBCA22 /* Sources */ = {
			isa = PBXSourcesBuildPhase;
			buildActionMask = 2147483647;
			files = (
				70137A56232D505E00CBCA22 /* WeddinggGogoAppTests.swift in Sources */,
			);
			runOnlyForDeploymentPostprocessing = 0;
		};
		70137A58232D505E00CBCA22 /* Sources */ = {
			isa = PBXSourcesBuildPhase;
			buildActionMask = 2147483647;
			files = (
				70137A61232D505E00CBCA22 /* WeddinggGogoAppUITests.swift in Sources */,
			);
			runOnlyForDeploymentPostprocessing = 0;
		};
/* End PBXSourcesBuildPhase section */

/* Begin PBXTargetDependency section */
		70137A53232D505E00CBCA22 /* PBXTargetDependency */ = {
			isa = PBXTargetDependency;
			target = 70137A3C232D505D00CBCA22 /* WeddinggGogoApp */;
			targetProxy = 70137A52232D505E00CBCA22 /* PBXContainerItemProxy */;
		};
		70137A5E232D505E00CBCA22 /* PBXTargetDependency */ = {
			isa = PBXTargetDependency;
			target = 70137A3C232D505D00CBCA22 /* WeddinggGogoApp */;
			targetProxy = 70137A5D232D505E00CBCA22 /* PBXContainerItemProxy */;
		};
/* End PBXTargetDependency section */

/* Begin PBXVariantGroup section */
		70137A44232D505D00CBCA22 /* Main.storyboard */ = {
			isa = PBXVariantGroup;
			children = (
				70137A45232D505D00CBCA22 /* Base */,
			);
			name = Main.storyboard;
			sourceTree = "<group>";
		};
		70137A49232D505E00CBCA22 /* LaunchScreen.storyboard */ = {
			isa = PBXVariantGroup;
			children = (
				70137A4A232D505E00CBCA22 /* Base */,
			);
			name = LaunchScreen.storyboard;
			sourceTree = "<group>";
		};
/* End PBXVariantGroup section */

/* Begin XCBuildConfiguration section */
		70137A63232D505E00CBCA22 /* Debug */ = {
			isa = XCBuildConfiguration;
			buildSettings = {
				ALWAYS_SEARCH_USER_PATHS = NO;
				CLANG_ANALYZER_NONNULL = YES;
				CLANG_ANALYZER_NUMBER_OBJECT_CONVERSION = YES_AGGRESSIVE;
				CLANG_CXX_LANGUAGE_STANDARD = "gnu++14";
				CLANG_CXX_LIBRARY = "libc++";
				CLANG_ENABLE_MODULES = YES;
				CLANG_ENABLE_OBJC_ARC = YES;
				CLANG_ENABLE_OBJC_WEAK = YES;
				CLANG_WARN_BLOCK_CAPTURE_AUTORELEASING = YES;
				CLANG_WARN_BOOL_CONVERSION = YES;
				CLANG_WARN_COMMA = YES;
				CLANG_WARN_CONSTANT_CONVERSION = YES;
				CLANG_WARN_DEPRECATED_OBJC_IMPLEMENTATIONS = YES;
				CLANG_WARN_DIRECT_OBJC_ISA_USAGE = YES_ERROR;
				CLANG_WARN_DOCUMENTATION_COMMENTS = YES;
				CLANG_WARN_EMPTY_BODY = YES;
				CLANG_WARN_ENUM_CONVERSION = YES;
				CLANG_WARN_INFINITE_RECURSION = YES;
				CLANG_WARN_INT_CONVERSION = YES;
				CLANG_WARN_NON_LITERAL_NULL_CONVERSION = YES;
				CLANG_WARN_OBJC_IMPLICIT_RETAIN_SELF = YES;
				CLANG_WARN_OBJC_LITERAL_CONVERSION = YES;
				CLANG_WARN_OBJC_ROOT_CLASS = YES_ERROR;
				CLANG_WARN_RANGE_LOOP_ANALYSIS = YES;
				CLANG_WARN_STRICT_PROTOTYPES = YES;
				CLANG_WARN_SUSPICIOUS_MOVE = YES;
				CLANG_WARN_UNGUARDED_AVAILABILITY = YES_AGGRESSIVE;
				CLANG_WARN_UNREACHABLE_CODE = YES;
				CLANG_WARN__DUPLICATE_METHOD_MATCH = YES;
				CODE_SIGN_IDENTITY = "iPhone Developer";
				COPY_PHASE_STRIP = NO;
				DEBUG_INFORMATION_FORMAT = dwarf;
				ENABLE_STRICT_OBJC_MSGSEND = YES;
				ENABLE_TESTABILITY = YES;
				GCC_C_LANGUAGE_STANDARD = gnu11;
				GCC_DYNAMIC_NO_PIC = NO;
				GCC_NO_COMMON_BLOCKS = YES;
				GCC_OPTIMIZATION_LEVEL = 0;
				GCC_PREPROCESSOR_DEFINITIONS = (
					"DEBUG=1",
					"$(inherited)",
				);
				GCC_WARN_64_TO_32_BIT_CONVERSION = YES;
				GCC_WARN_ABOUT_RETURN_TYPE = YES_ERROR;
				GCC_WARN_UNDECLARED_SELECTOR = YES;
				GCC_WARN_UNINITIALIZED_AUTOS = YES_AGGRESSIVE;
				GCC_WARN_UNUSED_FUNCTION = YES;
				GCC_WARN_UNUSED_VARIABLE = YES;
				IPHONEOS_DEPLOYMENT_TARGET = 12.4;
				MTL_ENABLE_DEBUG_INFO = INCLUDE_SOURCE;
				MTL_FAST_MATH = YES;
				ONLY_ACTIVE_ARCH = YES;
				SDKROOT = iphoneos;
				SWIFT_ACTIVE_COMPILATION_CONDITIONS = DEBUG;
				SWIFT_OPTIMIZATION_LEVEL = "-Onone";
			};
			name = Debug;
		};
		70137A64232D505E00CBCA22 /* Release */ = {
			isa = XCBuildConfiguration;
			buildSettings = {
				ALWAYS_SEARCH_USER_PATHS = NO;
				CLANG_ANALYZER_NONNULL = YES;
				CLANG_ANALYZER_NUMBER_OBJECT_CONVERSION = YES_AGGRESSIVE;
				CLANG_CXX_LANGUAGE_STANDARD = "gnu++14";
				CLANG_CXX_LIBRARY = "libc++";
				CLANG_ENABLE_MODULES = YES;
				CLANG_ENABLE_OBJC_ARC = YES;
				CLANG_ENABLE_OBJC_WEAK = YES;
				CLANG_WARN_BLOCK_CAPTURE_AUTORELEASING = YES;
				CLANG_WARN_BOOL_CONVERSION = YES;
				CLANG_WARN_COMMA = YES;
				CLANG_WARN_CONSTANT_CONVERSION = YES;
				CLANG_WARN_DEPRECATED_OBJC_IMPLEMENTATIONS = YES;
				CLANG_WARN_DIRECT_OBJC_ISA_USAGE = YES_ERROR;
				CLANG_WARN_DOCUMENTATION_COMMENTS = YES;
				CLANG_WARN_EMPTY_BODY = YES;
				CLANG_WARN_ENUM_CONVERSION = YES;
				CLANG_WARN_INFINITE_RECURSION = YES;
				CLANG_WARN_INT_CONVERSION = YES;
				CLANG_WARN_NON_LITERAL_NULL_CONVERSION = YES;
				CLANG_WARN_OBJC_IMPLICIT_RETAIN_SELF = YES;
				CLANG_WARN_OBJC_LITERAL_CONVERSION = YES;
				CLANG_WARN_OBJC_ROOT_CLASS = YES_ERROR;
				CLANG_WARN_RANGE_LOOP_ANALYSIS = YES;
				CLANG_WARN_STRICT_PROTOTYPES = YES;
				CLANG_WARN_SUSPICIOUS_MOVE = YES;
				CLANG_WARN_UNGUARDED_AVAILABILITY = YES_AGGRESSIVE;
				CLANG_WARN_UNREACHABLE_CODE = YES;
				CLANG_WARN__DUPLICATE_METHOD_MATCH = YES;
				CODE_SIGN_IDENTITY = "iPhone Developer";
				COPY_PHASE_STRIP = NO;
				DEBUG_INFORMATION_FORMAT = "dwarf-with-dsym";
				ENABLE_NS_ASSERTIONS = NO;
				ENABLE_STRICT_OBJC_MSGSEND = YES;
				GCC_C_LANGUAGE_STANDARD = gnu11;
				GCC_NO_COMMON_BLOCKS = YES;
				GCC_WARN_64_TO_32_BIT_CONVERSION = YES;
				GCC_WARN_ABOUT_RETURN_TYPE = YES_ERROR;
				GCC_WARN_UNDECLARED_SELECTOR = YES;
				GCC_WARN_UNINITIALIZED_AUTOS = YES_AGGRESSIVE;
				GCC_WARN_UNUSED_FUNCTION = YES;
				GCC_WARN_UNUSED_VARIABLE = YES;
				IPHONEOS_DEPLOYMENT_TARGET = 12.4;
				MTL_ENABLE_DEBUG_INFO = NO;
				MTL_FAST_MATH = YES;
				SDKROOT = iphoneos;
				SWIFT_COMPILATION_MODE = wholemodule;
				SWIFT_OPTIMIZATION_LEVEL = "-O";
				VALIDATE_PRODUCT = YES;
			};
			name = Release;
		};
		70137A66232D505E00CBCA22 /* Debug */ = {
			isa = XCBuildConfiguration;
			buildSettings = {
				ASSETCATALOG_COMPILER_APPICON_NAME = AppIcon;
				CODE_SIGN_STYLE = Automatic;
				DEVELOPMENT_TEAM = 4W3XS3T972;
				INFOPLIST_FILE = WeddinggGogoApp/Info.plist;
				LD_RUNPATH_SEARCH_PATHS = (
					"$(inherited)",
					"@executable_path/Frameworks",
				);
				PRODUCT_BUNDLE_IDENTIFIER = com.gmail.kokimiyazaworld.WeddinggGogoApp;
				PRODUCT_NAME = "$(TARGET_NAME)";
				SWIFT_VERSION = 5.0;
				TARGETED_DEVICE_FAMILY = "1,2";
			};
			name = Debug;
		};
		70137A67232D505E00CBCA22 /* Release */ = {
			isa = XCBuildConfiguration;
			buildSettings = {
				ASSETCATALOG_COMPILER_APPICON_NAME = AppIcon;
				CODE_SIGN_STYLE = Automatic;
				DEVELOPMENT_TEAM = 4W3XS3T972;
				INFOPLIST_FILE = WeddinggGogoApp/Info.plist;
				LD_RUNPATH_SEARCH_PATHS = (
					"$(inherited)",
					"@executable_path/Frameworks",
				);
				PRODUCT_BUNDLE_IDENTIFIER = com.gmail.kokimiyazaworld.WeddinggGogoApp;
				PRODUCT_NAME = "$(TARGET_NAME)";
				SWIFT_VERSION = 5.0;
				TARGETED_DEVICE_FAMILY = "1,2";
			};
			name = Release;
		};
		70137A69232D505E00CBCA22 /* Debug */ = {
			isa = XCBuildConfiguration;
			buildSettings = {
				ALWAYS_EMBED_SWIFT_STANDARD_LIBRARIES = YES;
				BUNDLE_LOADER = "$(TEST_HOST)";
				CODE_SIGN_STYLE = Automatic;
				DEVELOPMENT_TEAM = 4W3XS3T972;
				INFOPLIST_FILE = WeddinggGogoAppTests/Info.plist;
				LD_RUNPATH_SEARCH_PATHS = (
					"$(inherited)",
					"@executable_path/Frameworks",
					"@loader_path/Frameworks",
				);
				PRODUCT_BUNDLE_IDENTIFIER = com.gmail.kokimiyazaworld.WeddinggGogoAppTests;
				PRODUCT_NAME = "$(TARGET_NAME)";
				SWIFT_VERSION = 5.0;
				TARGETED_DEVICE_FAMILY = "1,2";
				TEST_HOST = "$(BUILT_PRODUCTS_DIR)/WeddinggGogoApp.app/WeddinggGogoApp";
			};
			name = Debug;
		};
		70137A6A232D505E00CBCA22 /* Release */ = {
			isa = XCBuildConfiguration;
			buildSettings = {
				ALWAYS_EMBED_SWIFT_STANDARD_LIBRARIES = YES;
				BUNDLE_LOADER = "$(TEST_HOST)";
				CODE_SIGN_STYLE = Automatic;
				DEVELOPMENT_TEAM = 4W3XS3T972;
				INFOPLIST_FILE = WeddinggGogoAppTests/Info.plist;
				LD_RUNPATH_SEARCH_PATHS = (
					"$(inherited)",
					"@executable_path/Frameworks",
					"@loader_path/Frameworks",
				);
				PRODUCT_BUNDLE_IDENTIFIER = com.gmail.kokimiyazaworld.WeddinggGogoAppTests;
				PRODUCT_NAME = "$(TARGET_NAME)";
				SWIFT_VERSION = 5.0;
				TARGETED_DEVICE_FAMILY = "1,2";
				TEST_HOST = "$(BUILT_PRODUCTS_DIR)/WeddinggGogoApp.app/WeddinggGogoApp";
			};
			name = Release;
		};
		70137A6C232D505E00CBCA22 /* Debug */ = {
			isa = XCBuildConfiguration;
			buildSettings = {
				ALWAYS_EMBED_SWIFT_STANDARD_LIBRARIES = YES;
				CODE_SIGN_STYLE = Automatic;
				DEVELOPMENT_TEAM = 4W3XS3T972;
				INFOPLIST_FILE = WeddinggGogoAppUITests/Info.plist;
				LD_RUNPATH_SEARCH_PATHS = (
					"$(inherited)",
					"@executable_path/Frameworks",
					"@loader_path/Frameworks",
				);
				PRODUCT_BUNDLE_IDENTIFIER = com.gmail.kokimiyazaworld.WeddinggGogoAppUITests;
				PRODUCT_NAME = "$(TARGET_NAME)";
				SWIFT_VERSION = 5.0;
				TARGETED_DEVICE_FAMILY = "1,2";
				TEST_TARGET_NAME = WeddinggGogoApp;
			};
			name = Debug;
		};
		70137A6D232D505E00CBCA22 /* Release */ = {
			isa = XCBuildConfiguration;
			buildSettings = {
				ALWAYS_EMBED_SWIFT_STANDARD_LIBRARIES = YES;
				CODE_SIGN_STYLE = Automatic;
				DEVELOPMENT_TEAM = 4W3XS3T972;
				INFOPLIST_FILE = WeddinggGogoAppUITests/Info.plist;
				LD_RUNPATH_SEARCH_PATHS = (
					"$(inherited)",
					"@executable_path/Frameworks",
					"@loader_path/Frameworks",
				);
				PRODUCT_BUNDLE_IDENTIFIER = com.gmail.kokimiyazaworld.WeddinggGogoAppUITests;
				PRODUCT_NAME = "$(TARGET_NAME)";
				SWIFT_VERSION = 5.0;
				TARGETED_DEVICE_FAMILY = "1,2";
				TEST_TARGET_NAME = WeddinggGogoApp;
			};
			name = Release;
		};
/* End XCBuildConfiguration section */

/* Begin XCConfigurationList section */
		70137A38232D505D00CBCA22 /* Build configuration list for PBXProject "WeddinggGogoApp" */ = {
			isa = XCConfigurationList;
			buildConfigurations = (
				70137A63232D505E00CBCA22 /* Debug */,
				70137A64232D505E00CBCA22 /* Release */,
			);
			defaultConfigurationIsVisible = 0;
			defaultConfigurationName = Release;
		};
		70137A65232D505E00CBCA22 /* Build configuration list for PBXNativeTarget "WeddinggGogoApp" */ = {
			isa = XCConfigurationList;
			buildConfigurations = (
				70137A66232D505E00CBCA22 /* Debug */,
				70137A67232D505E00CBCA22 /* Release */,
			);
			defaultConfigurationIsVisible = 0;
			defaultConfigurationName = Release;
		};
		70137A68232D505E00CBCA22 /* Build configuration list for PBXNativeTarget "WeddinggGogoAppTests" */ = {
			isa = XCConfigurationList;
			buildConfigurations = (
				70137A69232D505E00CBCA22 /* Debug */,
				70137A6A232D505E00CBCA22 /* Release */,
			);
			defaultConfigurationIsVisible = 0;
			defaultConfigurationName = Release;
		};
		70137A6B232D505E00CBCA22 /* Build configuration list for PBXNativeTarget "WeddinggGogoAppUITests" */ = {
			isa = XCConfigurationList;
			buildConfigurations = (
				70137A6C232D505E00CBCA22 /* Debug */,
				70137A6D232D505E00CBCA22 /* Release */,
			);
			defaultConfigurationIsVisible = 0;
			defaultConfigurationName = Release;
		};
/* End XCConfigurationList section */
	};
	rootObject = 70137A35232D505D00CBCA22 /* Project object */;
}
